
Microsoft Visual Studio Solution File, Format Version 12.00
# Visual Studio 15
VisualStudioVersion = 15.0.35319.79
MinimumVisualStudioVersion = 10.0.40219.1
Project("{FAE04EC0-301F-11D3-BF4B-00C04F79EFBC}") = "TicTacToe", "TicTacToe\TicTacToe.csproj", "{92518FA4-CE43-45A1-918E-D6B65AEC1F00}"
EndProject
Global
	GlobalSection(SolutionConfigurationPlatforms) = preSolution
		Debug|Any CPU = Debug|Any CPU
		Release|Any CPU = Release|Any CPU
	EndGlobalSection
	GlobalSection(ProjectConfigurationPlatforms) = postSolution
		{92518FA4-CE43-45A1-918E-D6B65AEC1F00}.Debug|Any CPU.ActiveCfg = Debug|Any CPU
		{92518FA4-CE43-45A1-918E-D6B65AEC1F00}.Debug|Any CPU.Build.0 = Debug|Any CPU
		{92518FA4-CE43-45A1-918E-D6B65AEC1F00}.Release|Any CPU.ActiveCfg = Release|Any CPU
		{92518FA4-CE43-45A1-918E-D6B65AEC1F00}.Release|Any CPU.Build.0 = Release|Any CPU
	EndGlobalSection
	GlobalSection(SolutionProperties) = preSolution
		HideSolutionNode = FALSE
	EndGlobalSection
	GlobalSection(ExtensibilityGlobals) = postSolution
		SolutionGuid = {7619FABA-EE27-42C1-8DF5-6A194A5F3F2A}
	EndGlobalSection
EndGlobal
